// !$*UTF8*$!
{
	archiveVersion = 1;
	classes = {
	};
	objectVersion = 55;
	objects = {

/* Begin PBXBuildFile section */
		ED00EA8E27690CD200627114 /* FrontPageViewController.swift in Sources */ = {isa = PBXBuildFile; fileRef = ED00EA8D27690CD200627114 /* FrontPageViewController.swift */; };
		ED32FCB4276A6B6900631FE2 /* ProfileDetailsViewController.swift in Sources */ = {isa = PBXBuildFile; fileRef = ED32FCB3276A6B6900631FE2 /* ProfileDetailsViewController.swift */; };
		ED3CBFE627848E5E00181F24 /* User.swift in Sources */ = {isa = PBXBuildFile; fileRef = ED3CBFE527848E5E00181F24 /* User.swift */; };
		ED3CBFE927849B7800181F24 /* FirebaseFirestore in Frameworks */ = {isa = PBXBuildFile; productRef = ED3CBFE827849B7800181F24 /* FirebaseFirestore */; };
		ED3CBFEB278598B900181F24 /* FirebaseFirestoreSwift-Beta in Frameworks */ = {isa = PBXBuildFile; productRef = ED3CBFEA278598B900181F24 /* FirebaseFirestoreSwift-Beta */; };
		ED45AFD62762BBC70004D35F /* HomeViewController.swift in Sources */ = {isa = PBXBuildFile; fileRef = ED45AFD52762BBC70004D35F /* HomeViewController.swift */; };
		ED45AFD82762C38B0004D35F /* UserCell.swift in Sources */ = {isa = PBXBuildFile; fileRef = ED45AFD72762C38B0004D35F /* UserCell.swift */; };
		ED464C99274BAF4A00D6D45C /* AppDelegate.swift in Sources */ = {isa = PBXBuildFile; fileRef = ED464C98274BAF4A00D6D45C /* AppDelegate.swift */; };
		ED464C9D274BAF4A00D6D45C /* ViewController.swift in Sources */ = {isa = PBXBuildFile; fileRef = ED464C9C274BAF4A00D6D45C /* ViewController.swift */; };
		ED464CA2274BAF4D00D6D45C /* Assets.xcassets in Resources */ = {isa = PBXBuildFile; fileRef = ED464CA1274BAF4D00D6D45C /* Assets.xcassets */; };
		ED464CA5274BAF4D00D6D45C /* LaunchScreen.storyboard in Resources */ = {isa = PBXBuildFile; fileRef = ED464CA3274BAF4D00D6D45C /* LaunchScreen.storyboard */; };
		ED646D45275531B6001756FD /* String.swift in Sources */ = {isa = PBXBuildFile; fileRef = ED646D44275531B6001756FD /* String.swift */; };
		ED646D4C27554E67001756FD /* FirebaseAnalytics in Frameworks */ = {isa = PBXBuildFile; productRef = ED646D4B27554E67001756FD /* FirebaseAnalytics */; };
		ED81ABD5274BC10900B61366 /* SnapKit in Frameworks */ = {isa = PBXBuildFile; productRef = ED81ABD4274BC10900B61366 /* SnapKit */; };
		ED81ABD8274BC43200B61366 /* Alamofire in Frameworks */ = {isa = PBXBuildFile; productRef = ED81ABD7274BC43200B61366 /* Alamofire */; };
		ED8D3B7E275668AE00BDAF8D /* ManagerAuth.swift in Sources */ = {isa = PBXBuildFile; fileRef = ED8D3B7D275668AE00BDAF8D /* ManagerAuth.swift */; };
		ED8D3B812757988E00BDAF8D /* .swiftlint.yml in Resources */ = {isa = PBXBuildFile; fileRef = ED8D3B802757988D00BDAF8D /* .swiftlint.yml */; };
		ED9B6F74278C431900E07118 /* UsersViewModel.swift in Sources */ = {isa = PBXBuildFile; fileRef = ED9B6F73278C431900E07118 /* UsersViewModel.swift */; };
		ED9B6F76278C444000E07118 /* FirebaseManager.swift in Sources */ = {isa = PBXBuildFile; fileRef = ED9B6F75278C444000E07118 /* FirebaseManager.swift */; };
		ED9B6F78278E07DB00E07118 /* RealTimeFirebaseManager.swift in Sources */ = {isa = PBXBuildFile; fileRef = ED9B6F77278E07DB00E07118 /* RealTimeFirebaseManager.swift */; };
		ED9B6F7A278E0C2D00E07118 /* FirebaseDatabase in Frameworks */ = {isa = PBXBuildFile; productRef = ED9B6F79278E0C2D00E07118 /* FirebaseDatabase */; };
		EDA75EB927636B1E00D51CAF /* HeaderSectionCell.swift in Sources */ = {isa = PBXBuildFile; fileRef = EDA75EB827636B1E00D51CAF /* HeaderSectionCell.swift */; };
		EDA75ECC27665C0D00D51CAF /* LoginModel.swift in Sources */ = {isa = PBXBuildFile; fileRef = EDA75ECB27665C0D00D51CAF /* LoginModel.swift */; };
		EDB3DDF2277200A6004DBCA3 /* ProfileDetailsViewModel.swift in Sources */ = {isa = PBXBuildFile; fileRef = EDB3DDF1277200A5004DBCA3 /* ProfileDetailsViewModel.swift */; };
		EDE18607279195A900C51B90 /* GoogleService-Info.plist in Resources */ = {isa = PBXBuildFile; fileRef = EDE18606279195A900C51B90 /* GoogleService-Info.plist */; };
		EDE186092793951400C51B90 /* ContentManager.swift in Sources */ = {isa = PBXBuildFile; fileRef = EDE186082793951400C51B90 /* ContentManager.swift */; };
		EDFC7BD52758CF9F0077677B /* LoginViewModel.swift in Sources */ = {isa = PBXBuildFile; fileRef = EDFC7BD42758CF9E0077677B /* LoginViewModel.swift */; };
/* End PBXBuildFile section */

/* Begin PBXFileReference section */
		ED00EA8D27690CD200627114 /* FrontPageViewController.swift */ = {isa = PBXFileReference; lastKnownFileType = sourcecode.swift; path = FrontPageViewController.swift; sourceTree = "<group>"; };
		ED32FCB3276A6B6900631FE2 /* ProfileDetailsViewController.swift */ = {isa = PBXFileReference; lastKnownFileType = sourcecode.swift; path = ProfileDetailsViewController.swift; sourceTree = "<group>"; };
		ED3CBFE527848E5E00181F24 /* User.swift */ = {isa = PBXFileReference; lastKnownFileType = sourcecode.swift; path = User.swift; sourceTree = "<group>"; };
		ED45AFD52762BBC70004D35F /* HomeViewController.swift */ = {isa = PBXFileReference; lastKnownFileType = sourcecode.swift; path = HomeViewController.swift; sourceTree = "<group>"; };
		ED45AFD72762C38B0004D35F /* UserCell.swift */ = {isa = PBXFileReference; lastKnownFileType = sourcecode.swift; path = UserCell.swift; sourceTree = "<group>"; };
		ED464C95274BAF4A00D6D45C /* InOffice.app */ = {isa = PBXFileReference; explicitFileType = wrapper.application; includeInIndex = 0; path = InOffice.app; sourceTree = BUILT_PRODUCTS_DIR; };
		ED464C98274BAF4A00D6D45C /* AppDelegate.swift */ = {isa = PBXFileReference; lastKnownFileType = sourcecode.swift; path = AppDelegate.swift; sourceTree = "<group>"; };
		ED464C9C274BAF4A00D6D45C /* ViewController.swift */ = {isa = PBXFileReference; lastKnownFileType = sourcecode.swift; path = ViewController.swift; sourceTree = "<group>"; };
		ED464CA1274BAF4D00D6D45C /* Assets.xcassets */ = {isa = PBXFileReference; lastKnownFileType = folder.assetcatalog; path = Assets.xcassets; sourceTree = "<group>"; };
		ED464CA4274BAF4D00D6D45C /* Base */ = {isa = PBXFileReference; lastKnownFileType = file.storyboard; name = Base; path = Base.lproj/LaunchScreen.storyboard; sourceTree = "<group>"; };
		ED464CA6274BAF4D00D6D45C /* Info.plist */ = {isa = PBXFileReference; lastKnownFileType = text.plist.xml; path = Info.plist; sourceTree = "<group>"; };
		ED646D44275531B6001756FD /* String.swift */ = {isa = PBXFileReference; lastKnownFileType = sourcecode.swift; path = String.swift; sourceTree = "<group>"; };
		ED8D3B7D275668AE00BDAF8D /* ManagerAuth.swift */ = {isa = PBXFileReference; lastKnownFileType = sourcecode.swift; path = ManagerAuth.swift; sourceTree = "<group>"; };
		ED8D3B802757988D00BDAF8D /* .swiftlint.yml */ = {isa = PBXFileReference; lastKnownFileType = text.yaml; path = .swiftlint.yml; sourceTree = "<group>"; };
		ED9B6F73278C431900E07118 /* UsersViewModel.swift */ = {isa = PBXFileReference; lastKnownFileType = sourcecode.swift; path = UsersViewModel.swift; sourceTree = "<group>"; };
		ED9B6F75278C444000E07118 /* FirebaseManager.swift */ = {isa = PBXFileReference; lastKnownFileType = sourcecode.swift; path = FirebaseManager.swift; sourceTree = "<group>"; };
		ED9B6F77278E07DB00E07118 /* RealTimeFirebaseManager.swift */ = {isa = PBXFileReference; lastKnownFileType = sourcecode.swift; path = RealTimeFirebaseManager.swift; sourceTree = "<group>"; };
		EDA75EB827636B1E00D51CAF /* HeaderSectionCell.swift */ = {isa = PBXFileReference; lastKnownFileType = sourcecode.swift; path = HeaderSectionCell.swift; sourceTree = "<group>"; };
		EDA75ECB27665C0D00D51CAF /* LoginModel.swift */ = {isa = PBXFileReference; lastKnownFileType = sourcecode.swift; path = LoginModel.swift; sourceTree = "<group>"; };
		EDB3DDF1277200A5004DBCA3 /* ProfileDetailsViewModel.swift */ = {isa = PBXFileReference; lastKnownFileType = sourcecode.swift; path = ProfileDetailsViewModel.swift; sourceTree = "<group>"; };
		EDE18606279195A900C51B90 /* GoogleService-Info.plist */ = {isa = PBXFileReference; fileEncoding = 4; lastKnownFileType = text.plist.xml; name = "GoogleService-Info.plist"; path = "../../GoogleService-Info.plist"; sourceTree = "<group>"; };
		EDE186082793951400C51B90 /* ContentManager.swift */ = {isa = PBXFileReference; lastKnownFileType = sourcecode.swift; path = ContentManager.swift; sourceTree = "<group>"; };
		EDFC7BD42758CF9E0077677B /* LoginViewModel.swift */ = {isa = PBXFileReference; lastKnownFileType = sourcecode.swift; path = LoginViewModel.swift; sourceTree = "<group>"; };
/* End PBXFileReference section */

/* Begin PBXFrameworksBuildPhase section */
		ED464C92274BAF4A00D6D45C /* Frameworks */ = {
			isa = PBXFrameworksBuildPhase;
			buildActionMask = 2147483647;
			files = (
				ED9B6F7A278E0C2D00E07118 /* FirebaseDatabase in Frameworks */,
				ED81ABD5274BC10900B61366 /* SnapKit in Frameworks */,
				ED3CBFE927849B7800181F24 /* FirebaseFirestore in Frameworks */,
				ED3CBFEB278598B900181F24 /* FirebaseFirestoreSwift-Beta in Frameworks */,
				ED81ABD8274BC43200B61366 /* Alamofire in Frameworks */,
				ED646D4C27554E67001756FD /* FirebaseAnalytics in Frameworks */,
			);
			runOnlyForDeploymentPostprocessing = 0;
		};
/* End PBXFrameworksBuildPhase section */

/* Begin PBXGroup section */
		ED2F91A627674A400019D919 /* View */ = {
			isa = PBXGroup;
			children = (
				ED464C9C274BAF4A00D6D45C /* ViewController.swift */,
				ED45AFD52762BBC70004D35F /* HomeViewController.swift */,
				ED00EA8D27690CD200627114 /* FrontPageViewController.swift */,
				ED32FCB3276A6B6900631FE2 /* ProfileDetailsViewController.swift */,
			);
			path = View;
			sourceTree = "<group>";
		};
		ED3CBFE427848E1B00181F24 /* Models */ = {
			isa = PBXGroup;
			children = (
				EDA75ECB27665C0D00D51CAF /* LoginModel.swift */,
				ED3CBFE527848E5E00181F24 /* User.swift */,
			);
			path = Models;
			sourceTree = "<group>";
		};
		ED3CBFE727849B7800181F24 /* Frameworks */ = {
			isa = PBXGroup;
			children = (
			);
			name = Frameworks;
			sourceTree = "<group>";
		};
		ED3CBFEE2785C19000181F24 /* ViewModel */ = {
			isa = PBXGroup;
			children = (
				ED9B6F73278C431900E07118 /* UsersViewModel.swift */,
			);
			path = ViewModel;
			sourceTree = "<group>";
		};
		ED464C8C274BAF4A00D6D45C = {
			isa = PBXGroup;
			children = (
				ED464C97274BAF4A00D6D45C /* InOffice */,
				ED464C96274BAF4A00D6D45C /* Products */,
				ED3CBFE727849B7800181F24 /* Frameworks */,
			);
			sourceTree = "<group>";
		};
		ED464C96274BAF4A00D6D45C /* Products */ = {
			isa = PBXGroup;
			children = (
				ED464C95274BAF4A00D6D45C /* InOffice.app */,
			);
			name = Products;
			sourceTree = "<group>";
		};
		ED464C97274BAF4A00D6D45C /* InOffice */ = {
			isa = PBXGroup;
			children = (
				ED464C98274BAF4A00D6D45C /* AppDelegate.swift */,
				ED464CA1274BAF4D00D6D45C /* Assets.xcassets */,
				EDFC7BD42758CF9E0077677B /* LoginViewModel.swift */,
				EDB3DDF1277200A5004DBCA3 /* ProfileDetailsViewModel.swift */,
				ED646D44275531B6001756FD /* String.swift */,
				EDE18606279195A900C51B90 /* GoogleService-Info.plist */,
				ED464CA3274BAF4D00D6D45C /* LaunchScreen.storyboard */,
				ED464CA6274BAF4D00D6D45C /* Info.plist */,
				ED2F91A627674A400019D919 /* View */,
				EDA75ECA27665BB200D51CAF /* Model */,
				ED3CBFE427848E1B00181F24 /* Models */,
				ED3CBFEE2785C19000181F24 /* ViewModel */,
				ED45AFD72762C38B0004D35F /* UserCell.swift */,
				EDA75EB827636B1E00D51CAF /* HeaderSectionCell.swift */,
				ED9B6F75278C444000E07118 /* FirebaseManager.swift */,
				EDE186082793951400C51B90 /* ContentManager.swift */,
				ED9B6F77278E07DB00E07118 /* RealTimeFirebaseManager.swift */,
				ED8D3B7D275668AE00BDAF8D /* ManagerAuth.swift */,
				ED8D3B802757988D00BDAF8D /* .swiftlint.yml */,
			);
			path = InOffice;
			sourceTree = "<group>";
		};
		EDA75ECA27665BB200D51CAF /* Model */ = {
			isa = PBXGroup;
			children = (
			);
			path = Model;
			sourceTree = "<group>";
		};
/* End PBXGroup section */

/* Begin PBXNativeTarget section */
		ED464C94274BAF4A00D6D45C /* InOffice */ = {
			isa = PBXNativeTarget;
			buildConfigurationList = ED464CA9274BAF4D00D6D45C /* Build configuration list for PBXNativeTarget "InOffice" */;
			buildPhases = (
				ED464C91274BAF4A00D6D45C /* Sources */,
				ED464C92274BAF4A00D6D45C /* Frameworks */,
				ED464C93274BAF4A00D6D45C /* Resources */,
				ED8D3B7F275785A900BDAF8D /* swiftlint */,
			);
			buildRules = (
			);
			dependencies = (
			);
			name = InOffice;
			packageProductDependencies = (
				ED81ABD4274BC10900B61366 /* SnapKit */,
				ED81ABD7274BC43200B61366 /* Alamofire */,
				ED646D4B27554E67001756FD /* FirebaseAnalytics */,
				ED3CBFE827849B7800181F24 /* FirebaseFirestore */,
				ED3CBFEA278598B900181F24 /* FirebaseFirestoreSwift-Beta */,
				ED9B6F79278E0C2D00E07118 /* FirebaseDatabase */,
			);
			productName = InOffice;
			productReference = ED464C95274BAF4A00D6D45C /* InOffice.app */;
			productType = "com.apple.product-type.application";
		};
/* End PBXNativeTarget section */

/* Begin PBXProject section */
		ED464C8D274BAF4A00D6D45C /* Project object */ = {
			isa = PBXProject;
			attributes = {
				BuildIndependentTargetsInParallel = 1;
				LastSwiftUpdateCheck = 1300;
				LastUpgradeCheck = 1300;
				TargetAttributes = {
					ED464C94274BAF4A00D6D45C = {
						CreatedOnToolsVersion = 13.0;
					};
				};
			};
			buildConfigurationList = ED464C90274BAF4A00D6D45C /* Build configuration list for PBXProject "InOffice" */;
			compatibilityVersion = "Xcode 13.0";
			developmentRegion = en;
			hasScannedForEncodings = 0;
			knownRegions = (
				en,
				Base,
			);
			mainGroup = ED464C8C274BAF4A00D6D45C;
			packageReferences = (
				ED81ABD3274BC10900B61366 /* XCRemoteSwiftPackageReference "SnapKit" */,
				ED81ABD6274BC43200B61366 /* XCRemoteSwiftPackageReference "Alamofire" */,
				ED646D4A27554E67001756FD /* XCRemoteSwiftPackageReference "firebase-ios-sdk" */,
			);
			productRefGroup = ED464C96274BAF4A00D6D45C /* Products */;
			projectDirPath = "";
			projectRoot = "";
			targets = (
				ED464C94274BAF4A00D6D45C /* InOffice */,
			);
		};
/* End PBXProject section */

/* Begin PBXResourcesBuildPhase section */
		ED464C93274BAF4A00D6D45C /* Resources */ = {
			isa = PBXResourcesBuildPhase;
			buildActionMask = 2147483647;
			files = (
				ED8D3B812757988E00BDAF8D /* .swiftlint.yml in Resources */,
				ED464CA5274BAF4D00D6D45C /* LaunchScreen.storyboard in Resources */,
				ED464CA2274BAF4D00D6D45C /* Assets.xcassets in Resources */,
				EDE18607279195A900C51B90 /* GoogleService-Info.plist in Resources */,
			);
			runOnlyForDeploymentPostprocessing = 0;
		};
/* End PBXResourcesBuildPhase section */

/* Begin PBXShellScriptBuildPhase section */
		ED8D3B7F275785A900BDAF8D /* swiftlint */ = {
			isa = PBXShellScriptBuildPhase;
			buildActionMask = 2147483647;
			files = (
			);
			inputFileListPaths = (
			);
			inputPaths = (
			);
			name = swiftlint;
			outputFileListPaths = (
			);
			outputPaths = (
			);
			runOnlyForDeploymentPostprocessing = 0;
			shellPath = /bin/sh;
			shellScript = "if which swiftlint >/dev/null; then\n  swiftlint\nelse\n  echo \"warning: SwiftLint not installed, download from https://github.com/realm/SwiftLint\"\nfi\n";
		};
/* End PBXShellScriptBuildPhase section */

/* Begin PBXSourcesBuildPhase section */
		ED464C91274BAF4A00D6D45C /* Sources */ = {
			isa = PBXSourcesBuildPhase;
			buildActionMask = 2147483647;
			files = (
				ED646D45275531B6001756FD /* String.swift in Sources */,
				ED9B6F74278C431900E07118 /* UsersViewModel.swift in Sources */,
				EDFC7BD52758CF9F0077677B /* LoginViewModel.swift in Sources */,
				ED464C9D274BAF4A00D6D45C /* ViewController.swift in Sources */,
				ED32FCB4276A6B6900631FE2 /* ProfileDetailsViewController.swift in Sources */,
				ED464C99274BAF4A00D6D45C /* AppDelegate.swift in Sources */,
				ED45AFD62762BBC70004D35F /* HomeViewController.swift in Sources */,
				ED9B6F78278E07DB00E07118 /* RealTimeFirebaseManager.swift in Sources */,
				EDA75ECC27665C0D00D51CAF /* LoginModel.swift in Sources */,
				ED3CBFE627848E5E00181F24 /* User.swift in Sources */,
				ED45AFD82762C38B0004D35F /* UserCell.swift in Sources */,
				EDB3DDF2277200A6004DBCA3 /* ProfileDetailsViewModel.swift in Sources */,
				ED00EA8E27690CD200627114 /* FrontPageViewController.swift in Sources */,
				ED9B6F76278C444000E07118 /* FirebaseManager.swift in Sources */,
				EDA75EB927636B1E00D51CAF /* HeaderSectionCell.swift in Sources */,
				EDE186092793951400C51B90 /* ContentManager.swift in Sources */,
				ED8D3B7E275668AE00BDAF8D /* ManagerAuth.swift in Sources */,
			);
			runOnlyForDeploymentPostprocessing = 0;
		};
/* End PBXSourcesBuildPhase section */

/* Begin PBXVariantGroup section */
		ED464CA3274BAF4D00D6D45C /* LaunchScreen.storyboard */ = {
			isa = PBXVariantGroup;
			children = (
				ED464CA4274BAF4D00D6D45C /* Base */,
			);
			name = LaunchScreen.storyboard;
			sourceTree = "<group>";
		};
/* End PBXVariantGroup section */

/* Begin XCBuildConfiguration section */
		ED464CA7274BAF4D00D6D45C /* Debug */ = {
			isa = XCBuildConfiguration;
			buildSettings = {
				ALWAYS_SEARCH_USER_PATHS = NO;
				CLANG_ANALYZER_NONNULL = YES;
				CLANG_ANALYZER_NUMBER_OBJECT_CONVERSION = YES_AGGRESSIVE;
				CLANG_CXX_LANGUAGE_STANDARD = "gnu++17";
				CLANG_CXX_LIBRARY = "libc++";
				CLANG_ENABLE_MODULES = YES;
				CLANG_ENABLE_OBJC_ARC = YES;
				CLANG_ENABLE_OBJC_WEAK = YES;
				CLANG_WARN_BLOCK_CAPTURE_AUTORELEASING = YES;
				CLANG_WARN_BOOL_CONVERSION = YES;
				CLANG_WARN_COMMA = YES;
				CLANG_WARN_CONSTANT_CONVERSION = YES;
				CLANG_WARN_DEPRECATED_OBJC_IMPLEMENTATIONS = YES;
				CLANG_WARN_DIRECT_OBJC_ISA_USAGE = YES_ERROR;
				CLANG_WARN_DOCUMENTATION_COMMENTS = YES;
				CLANG_WARN_EMPTY_BODY = YES;
				CLANG_WARN_ENUM_CONVERSION = YES;
				CLANG_WARN_INFINITE_RECURSION = YES;
				CLANG_WARN_INT_CONVERSION = YES;
				CLANG_WARN_NON_LITERAL_NULL_CONVERSION = YES;
				CLANG_WARN_OBJC_IMPLICIT_RETAIN_SELF = YES;
				CLANG_WARN_OBJC_LITERAL_CONVERSION = YES;
				CLANG_WARN_OBJC_ROOT_CLASS = YES_ERROR;
				CLANG_WARN_QUOTED_INCLUDE_IN_FRAMEWORK_HEADER = YES;
				CLANG_WARN_RANGE_LOOP_ANALYSIS = YES;
				CLANG_WARN_STRICT_PROTOTYPES = YES;
				CLANG_WARN_SUSPICIOUS_MOVE = YES;
				CLANG_WARN_UNGUARDED_AVAILABILITY = YES_AGGRESSIVE;
				CLANG_WARN_UNREACHABLE_CODE = YES;
				CLANG_WARN__DUPLICATE_METHOD_MATCH = YES;
				COPY_PHASE_STRIP = NO;
				DEBUG_INFORMATION_FORMAT = dwarf;
				ENABLE_STRICT_OBJC_MSGSEND = YES;
				ENABLE_TESTABILITY = YES;
				GCC_C_LANGUAGE_STANDARD = gnu11;
				GCC_DYNAMIC_NO_PIC = NO;
				GCC_NO_COMMON_BLOCKS = YES;
				GCC_OPTIMIZATION_LEVEL = 0;
				GCC_PREPROCESSOR_DEFINITIONS = (
					"DEBUG=1",
					"$(inherited)",
				);
				GCC_WARN_64_TO_32_BIT_CONVERSION = YES;
				GCC_WARN_ABOUT_RETURN_TYPE = YES_ERROR;
				GCC_WARN_UNDECLARED_SELECTOR = YES;
				GCC_WARN_UNINITIALIZED_AUTOS = YES_AGGRESSIVE;
				GCC_WARN_UNUSED_FUNCTION = YES;
				GCC_WARN_UNUSED_VARIABLE = YES;
				IPHONEOS_DEPLOYMENT_TARGET = 15.0;
				MTL_ENABLE_DEBUG_INFO = INCLUDE_SOURCE;
				MTL_FAST_MATH = YES;
				ONLY_ACTIVE_ARCH = YES;
				SDKROOT = iphoneos;
				SWIFT_ACTIVE_COMPILATION_CONDITIONS = DEBUG;
				SWIFT_OPTIMIZATION_LEVEL = "-Onone";
			};
			name = Debug;
		};
		ED464CA8274BAF4D00D6D45C /* Release */ = {
			isa = XCBuildConfiguration;
			buildSettings = {
				ALWAYS_SEARCH_USER_PATHS = NO;
				CLANG_ANALYZER_NONNULL = YES;
				CLANG_ANALYZER_NUMBER_OBJECT_CONVERSION = YES_AGGRESSIVE;
				CLANG_CXX_LANGUAGE_STANDARD = "gnu++17";
				CLANG_CXX_LIBRARY = "libc++";
				CLANG_ENABLE_MODULES = YES;
				CLANG_ENABLE_OBJC_ARC = YES;
				CLANG_ENABLE_OBJC_WEAK = YES;
				CLANG_WARN_BLOCK_CAPTURE_AUTORELEASING = YES;
				CLANG_WARN_BOOL_CONVERSION = YES;
				CLANG_WARN_COMMA = YES;
				CLANG_WARN_CONSTANT_CONVERSION = YES;
				CLANG_WARN_DEPRECATED_OBJC_IMPLEMENTATIONS = YES;
				CLANG_WARN_DIRECT_OBJC_ISA_USAGE = YES_ERROR;
				CLANG_WARN_DOCUMENTATION_COMMENTS = YES;
				CLANG_WARN_EMPTY_BODY = YES;
				CLANG_WARN_ENUM_CONVERSION = YES;
				CLANG_WARN_INFINITE_RECURSION = YES;
				CLANG_WARN_INT_CONVERSION = YES;
				CLANG_WARN_NON_LITERAL_NULL_CONVERSION = YES;
				CLANG_WARN_OBJC_IMPLICIT_RETAIN_SELF = YES;
				CLANG_WARN_OBJC_LITERAL_CONVERSION = YES;
				CLANG_WARN_OBJC_ROOT_CLASS = YES_ERROR;
				CLANG_WARN_QUOTED_INCLUDE_IN_FRAMEWORK_HEADER = YES;
				CLANG_WARN_RANGE_LOOP_ANALYSIS = YES;
				CLANG_WARN_STRICT_PROTOTYPES = YES;
				CLANG_WARN_SUSPICIOUS_MOVE = YES;
				CLANG_WARN_UNGUARDED_AVAILABILITY = YES_AGGRESSIVE;
				CLANG_WARN_UNREACHABLE_CODE = YES;
				CLANG_WARN__DUPLICATE_METHOD_MATCH = YES;
				COPY_PHASE_STRIP = NO;
				DEBUG_INFORMATION_FORMAT = "dwarf-with-dsym";
				ENABLE_NS_ASSERTIONS = NO;
				ENABLE_STRICT_OBJC_MSGSEND = YES;
				GCC_C_LANGUAGE_STANDARD = gnu11;
				GCC_NO_COMMON_BLOCKS = YES;
				GCC_WARN_64_TO_32_BIT_CONVERSION = YES;
				GCC_WARN_ABOUT_RETURN_TYPE = YES_ERROR;
				GCC_WARN_UNDECLARED_SELECTOR = YES;
				GCC_WARN_UNINITIALIZED_AUTOS = YES_AGGRESSIVE;
				GCC_WARN_UNUSED_FUNCTION = YES;
				GCC_WARN_UNUSED_VARIABLE = YES;
				IPHONEOS_DEPLOYMENT_TARGET = 15.0;
				MTL_ENABLE_DEBUG_INFO = NO;
				MTL_FAST_MATH = YES;
				SDKROOT = iphoneos;
				SWIFT_COMPILATION_MODE = wholemodule;
				SWIFT_OPTIMIZATION_LEVEL = "-O";
				VALIDATE_PRODUCT = YES;
			};
			name = Release;
		};
		ED464CAA274BAF4D00D6D45C /* Debug */ = {
			isa = XCBuildConfiguration;
			buildSettings = {
				ASSETCATALOG_COMPILER_APPICON_NAME = AppIcon;
				ASSETCATALOG_COMPILER_GLOBAL_ACCENT_COLOR_NAME = AccentColor;
				CODE_SIGN_STYLE = Automatic;
				CURRENT_PROJECT_VERSION = 1;
				DEVELOPMENT_TEAM = 9M9PJS2A67;
				GENERATE_INFOPLIST_FILE = YES;
				INFOPLIST_FILE = InOffice/Info.plist;
				INFOPLIST_KEY_UIApplicationSupportsIndirectInputEvents = YES;
				INFOPLIST_KEY_UILaunchStoryboardName = LaunchScreen;
				INFOPLIST_KEY_UISupportedInterfaceOrientations = "UIInterfaceOrientationPortrait UIInterfaceOrientationLandscapeRight UIInterfaceOrientationLandscapeLeft";
				INFOPLIST_KEY_UISupportedInterfaceOrientations_iPad = "UIInterfaceOrientationPortrait UIInterfaceOrientationPortraitUpsideDown UIInterfaceOrientationLandscapeLeft UIInterfaceOrientationLandscapeRight";
				INFOPLIST_KEY_UISupportedInterfaceOrientations_iPhone = "UIInterfaceOrientationPortrait UIInterfaceOrientationLandscapeLeft UIInterfaceOrientationLandscapeRight";
				LD_RUNPATH_SEARCH_PATHS = (
					"$(inherited)",
					"@executable_path/Frameworks",
				);
				MARKETING_VERSION = 1.0;
				PRODUCT_BUNDLE_IDENTIFIER = dev.lmuse.InOffice;
				PRODUCT_NAME = "$(TARGET_NAME)";
				SWIFT_EMIT_LOC_STRINGS = YES;
				SWIFT_VERSION = 5.0;
				TARGETED_DEVICE_FAMILY = "1,2";
			};
			name = Debug;
		};
		ED464CAB274BAF4D00D6D45C /* Release */ = {
			isa = XCBuildConfiguration;
			buildSettings = {
				ASSETCATALOG_COMPILER_APPICON_NAME = AppIcon;
				ASSETCATALOG_COMPILER_GLOBAL_ACCENT_COLOR_NAME = AccentColor;
				CODE_SIGN_STYLE = Automatic;
				CURRENT_PROJECT_VERSION = 1;
				DEVELOPMENT_TEAM = 9M9PJS2A67;
				GENERATE_INFOPLIST_FILE = YES;
				INFOPLIST_FILE = InOffice/Info.plist;
				INFOPLIST_KEY_UIApplicationSupportsIndirectInputEvents = YES;
				INFOPLIST_KEY_UILaunchStoryboardName = LaunchScreen;
				INFOPLIST_KEY_UISupportedInterfaceOrientations = "UIInterfaceOrientationPortrait UIInterfaceOrientationLandscapeRight UIInterfaceOrientationLandscapeLeft";
				INFOPLIST_KEY_UISupportedInterfaceOrientations_iPad = "UIInterfaceOrientationPortrait UIInterfaceOrientationPortraitUpsideDown UIInterfaceOrientationLandscapeLeft UIInterfaceOrientationLandscapeRight";
				INFOPLIST_KEY_UISupportedInterfaceOrientations_iPhone = "UIInterfaceOrientationPortrait UIInterfaceOrientationLandscapeLeft UIInterfaceOrientationLandscapeRight";
				LD_RUNPATH_SEARCH_PATHS = (
					"$(inherited)",
					"@executable_path/Frameworks",
				);
				MARKETING_VERSION = 1.0;
				PRODUCT_BUNDLE_IDENTIFIER = dev.lmuse.InOffice;
				PRODUCT_NAME = "$(TARGET_NAME)";
				SWIFT_EMIT_LOC_STRINGS = YES;
				SWIFT_VERSION = 5.0;
				TARGETED_DEVICE_FAMILY = "1,2";
			};
			name = Release;
		};
/* End XCBuildConfiguration section */

/* Begin XCConfigurationList section */
		ED464C90274BAF4A00D6D45C /* Build configuration list for PBXProject "InOffice" */ = {
			isa = XCConfigurationList;
			buildConfigurations = (
				ED464CA7274BAF4D00D6D45C /* Debug */,
				ED464CA8274BAF4D00D6D45C /* Release */,
			);
			defaultConfigurationIsVisible = 0;
			defaultConfigurationName = Release;
		};
		ED464CA9274BAF4D00D6D45C /* Build configuration list for PBXNativeTarget "InOffice" */ = {
			isa = XCConfigurationList;
			buildConfigurations = (
				ED464CAA274BAF4D00D6D45C /* Debug */,
				ED464CAB274BAF4D00D6D45C /* Release */,
			);
			defaultConfigurationIsVisible = 0;
			defaultConfigurationName = Release;
		};
/* End XCConfigurationList section */

/* Begin XCRemoteSwiftPackageReference section */
		ED646D4A27554E67001756FD /* XCRemoteSwiftPackageReference "firebase-ios-sdk" */ = {
			isa = XCRemoteSwiftPackageReference;
			repositoryURL = "https://github.com/firebase/firebase-ios-sdk.git";
			requirement = {
				branch = master;
				kind = branch;
			};
		};
		ED81ABD3274BC10900B61366 /* XCRemoteSwiftPackageReference "SnapKit" */ = {
			isa = XCRemoteSwiftPackageReference;
			repositoryURL = "https://github.com/SnapKit/SnapKit";
			requirement = {
				branch = develop;
				kind = branch;
			};
		};
		ED81ABD6274BC43200B61366 /* XCRemoteSwiftPackageReference "Alamofire" */ = {
			isa = XCRemoteSwiftPackageReference;
			repositoryURL = "https://github.com/Alamofire/Alamofire.git";
			requirement = {
				kind = upToNextMajorVersion;
				minimumVersion = 5.0.0;
			};
		};
/* End XCRemoteSwiftPackageReference section */

/* Begin XCSwiftPackageProductDependency section */
		ED3CBFE827849B7800181F24 /* FirebaseFirestore */ = {
			isa = XCSwiftPackageProductDependency;
			package = ED646D4A27554E67001756FD /* XCRemoteSwiftPackageReference "firebase-ios-sdk" */;
			productName = FirebaseFirestore;
		};
		ED3CBFEA278598B900181F24 /* FirebaseFirestoreSwift-Beta */ = {
			isa = XCSwiftPackageProductDependency;
			package = ED646D4A27554E67001756FD /* XCRemoteSwiftPackageReference "firebase-ios-sdk" */;
			productName = "FirebaseFirestoreSwift-Beta";
		};
		ED646D4B27554E67001756FD /* FirebaseAnalytics */ = {
			isa = XCSwiftPackageProductDependency;
			package = ED646D4A27554E67001756FD /* XCRemoteSwiftPackageReference "firebase-ios-sdk" */;
			productName = FirebaseAnalytics;
		};
		ED81ABD4274BC10900B61366 /* SnapKit */ = {
			isa = XCSwiftPackageProductDependency;
			package = ED81ABD3274BC10900B61366 /* XCRemoteSwiftPackageReference "SnapKit" */;
			productName = SnapKit;
		};
		ED81ABD7274BC43200B61366 /* Alamofire */ = {
			isa = XCSwiftPackageProductDependency;
			package = ED81ABD6274BC43200B61366 /* XCRemoteSwiftPackageReference "Alamofire" */;
			productName = Alamofire;
		};
		ED9B6F79278E0C2D00E07118 /* FirebaseDatabase */ = {
			isa = XCSwiftPackageProductDependency;
			package = ED646D4A27554E67001756FD /* XCRemoteSwiftPackageReference "firebase-ios-sdk" */;
			productName = FirebaseDatabase;
		};
/* End XCSwiftPackageProductDependency section */
	};
	rootObject = ED464C8D274BAF4A00D6D45C /* Project object */;
}
